// !$*UTF8*$!
{
	archiveVersion = 1;
	classes = {
	};
	objectVersion = 63;
	objects = {

/* Begin PBXBuildFile section */
		780E76C22C9586EF006129B9 /* EditTrainingMenuView.swift in Sources */ = {isa = PBXBuildFile; fileRef = 780E76C12C9586EF006129B9 /* EditTrainingMenuView.swift */; };
		781C081D2C8B3900007FF5E3 /* TodaySessionViewModel.swift in Sources */ = {isa = PBXBuildFile; fileRef = 781C081C2C8B3900007FF5E3 /* TodaySessionViewModel.swift */; };
		781C081F2C8BB20F007FF5E3 /* AppDelegate.swift in Sources */ = {isa = PBXBuildFile; fileRef = 781C081E2C8BB20F007FF5E3 /* AppDelegate.swift */; };
		781C08212C8D985B007FF5E3 /* alarm_sound.mp3 in Resources */ = {isa = PBXBuildFile; fileRef = 781C08202C8D985B007FF5E3 /* alarm_sound.mp3 */; };
		781C08272C8F34E8007FF5E3 /* SelectExistingMenuView.swift in Sources */ = {isa = PBXBuildFile; fileRef = 781C08262C8F34E8007FF5E3 /* SelectExistingMenuView.swift */; };
		78927F552C9CEB04005964EC /* SelectExistingSessionView.swift in Sources */ = {isa = PBXBuildFile; fileRef = 78927F542C9CEB04005964EC /* SelectExistingSessionView.swift */; };
		78C20A0C2C87D0A100AF77ED /* CircleProgressBarView.swift in Sources */ = {isa = PBXBuildFile; fileRef = 78C20A0B2C87D0A100AF77ED /* CircleProgressBarView.swift */; };
		78C20A0E2C89C4B100AF77ED /* TrainingSessionListView.swift in Sources */ = {isa = PBXBuildFile; fileRef = 78C20A0D2C89C4B100AF77ED /* TrainingSessionListView.swift */; };
		78C20A102C89C64000AF77ED /* SessionDetailView.swift in Sources */ = {isa = PBXBuildFile; fileRef = 78C20A0F2C89C64000AF77ED /* SessionDetailView.swift */; };
		78C20A122C89C6EE00AF77ED /* customDateFormatter.swift in Sources */ = {isa = PBXBuildFile; fileRef = 78C20A112C89C6EE00AF77ED /* customDateFormatter.swift */; };
		78E3FA3028E33BCD002CC7AE /* Training_ManagerApp.swift in Sources */ = {isa = PBXBuildFile; fileRef = 78E3FA2F28E33BCD002CC7AE /* Training_ManagerApp.swift */; };
		78E3FA3228E33BCD002CC7AE /* ContentView.swift in Sources */ = {isa = PBXBuildFile; fileRef = 78E3FA3128E33BCD002CC7AE /* ContentView.swift */; };
		78E3FA3428E33BCE002CC7AE /* Assets.xcassets in Resources */ = {isa = PBXBuildFile; fileRef = 78E3FA3328E33BCE002CC7AE /* Assets.xcassets */; };
		78E3FA3728E33BCE002CC7AE /* Preview Assets.xcassets in Resources */ = {isa = PBXBuildFile; fileRef = 78E3FA3628E33BCE002CC7AE /* Preview Assets.xcassets */; };
		78E3FA4128E33BCE002CC7AE /* Training_ManagerTests.swift in Sources */ = {isa = PBXBuildFile; fileRef = 78E3FA4028E33BCE002CC7AE /* Training_ManagerTests.swift */; };
		78E3FA4B28E33BCE002CC7AE /* Training_ManagerUITests.swift in Sources */ = {isa = PBXBuildFile; fileRef = 78E3FA4A28E33BCE002CC7AE /* Training_ManagerUITests.swift */; };
		78E3FA4D28E33BCE002CC7AE /* Training_ManagerUITestsLaunchTests.swift in Sources */ = {isa = PBXBuildFile; fileRef = 78E3FA4C28E33BCE002CC7AE /* Training_ManagerUITestsLaunchTests.swift */; };
		78E6F5C228E71BBA00BAEA24 /* TodaySessionView.swift in Sources */ = {isa = PBXBuildFile; fileRef = 78E6F5C128E71BBA00BAEA24 /* TodaySessionView.swift */; };
		78E6F5C428E71C1D00BAEA24 /* TrainingMenuHistory.swift in Sources */ = {isa = PBXBuildFile; fileRef = 78E6F5C328E71C1D00BAEA24 /* TrainingMenuHistory.swift */; };
		78E8D35D2C8343AD00C23C5A /* TrainingMenu.swift in Sources */ = {isa = PBXBuildFile; fileRef = 78E8D35B2C8343AD00C23C5A /* TrainingMenu.swift */; };
		78E8D35E2C8343AD00C23C5A /* TrainingSession.swift in Sources */ = {isa = PBXBuildFile; fileRef = 78E8D35C2C8343AD00C23C5A /* TrainingSession.swift */; };
		78E8D37E2C845D5500C23C5A /* CreateTrainingMenuView.swift in Sources */ = {isa = PBXBuildFile; fileRef = 78E8D37D2C845D5500C23C5A /* CreateTrainingMenuView.swift */; };
		78E8D3812C8466B700C23C5A /* CreateTrainingSessionView.swift in Sources */ = {isa = PBXBuildFile; fileRef = 78E8D3802C8466B700C23C5A /* CreateTrainingSessionView.swift */; };
		78E8D3832C85CBE100C23C5A /* TimerView.swift in Sources */ = {isa = PBXBuildFile; fileRef = 78E8D3822C85CBE100C23C5A /* TimerView.swift */; };
		78E8D3852C85CC3200C23C5A /* TimerViewModel.swift in Sources */ = {isa = PBXBuildFile; fileRef = 78E8D3842C85CC3200C23C5A /* TimerViewModel.swift */; };
/* End PBXBuildFile section */

/* Begin PBXContainerItemProxy section */
		78E3FA3D28E33BCE002CC7AE /* PBXContainerItemProxy */ = {
			isa = PBXContainerItemProxy;
			containerPortal = 78E3FA2428E33BCD002CC7AE /* Project object */;
			proxyType = 1;
			remoteGlobalIDString = 78E3FA2B28E33BCD002CC7AE;
			remoteInfo = "Training Manager";
		};
		78E3FA4728E33BCE002CC7AE /* PBXContainerItemProxy */ = {
			isa = PBXContainerItemProxy;
			containerPortal = 78E3FA2428E33BCD002CC7AE /* Project object */;
			proxyType = 1;
			remoteGlobalIDString = 78E3FA2B28E33BCD002CC7AE;
			remoteInfo = "Training Manager";
		};
/* End PBXContainerItemProxy section */

/* Begin PBXCopyFilesBuildPhase section */
		78E3FA7B28E33BCF002CC7AE /* Embed Watch Content */ = {
			isa = PBXCopyFilesBuildPhase;
			buildActionMask = 12;
			dstPath = "$(CONTENTS_FOLDER_PATH)/Watch";
			dstSubfolderSpec = 16;
			files = (
			);
			name = "Embed Watch Content";
			runOnlyForDeploymentPostprocessing = 0;
		};
/* End PBXCopyFilesBuildPhase section */

/* Begin PBXFileReference section */
		780E76C12C9586EF006129B9 /* EditTrainingMenuView.swift */ = {isa = PBXFileReference; lastKnownFileType = sourcecode.swift; path = EditTrainingMenuView.swift; sourceTree = "<group>"; };
		781C081C2C8B3900007FF5E3 /* TodaySessionViewModel.swift */ = {isa = PBXFileReference; lastKnownFileType = sourcecode.swift; path = TodaySessionViewModel.swift; sourceTree = "<group>"; };
		781C081E2C8BB20F007FF5E3 /* AppDelegate.swift */ = {isa = PBXFileReference; lastKnownFileType = sourcecode.swift; path = AppDelegate.swift; sourceTree = "<group>"; };
		781C08202C8D985B007FF5E3 /* alarm_sound.mp3 */ = {isa = PBXFileReference; lastKnownFileType = audio.mp3; path = alarm_sound.mp3; sourceTree = "<group>"; };
		781C08262C8F34E8007FF5E3 /* SelectExistingMenuView.swift */ = {isa = PBXFileReference; lastKnownFileType = sourcecode.swift; path = SelectExistingMenuView.swift; sourceTree = "<group>"; };
		78927F542C9CEB04005964EC /* SelectExistingSessionView.swift */ = {isa = PBXFileReference; lastKnownFileType = sourcecode.swift; path = SelectExistingSessionView.swift; sourceTree = "<group>"; };
		78A877E82CA0289400BAACA6 /* EnhancePlan.md */ = {isa = PBXFileReference; lastKnownFileType = net.daringfireball.markdown; path = EnhancePlan.md; sourceTree = "<group>"; };
		78C20A0B2C87D0A100AF77ED /* CircleProgressBarView.swift */ = {isa = PBXFileReference; lastKnownFileType = sourcecode.swift; path = CircleProgressBarView.swift; sourceTree = "<group>"; };
		78C20A0D2C89C4B100AF77ED /* TrainingSessionListView.swift */ = {isa = PBXFileReference; lastKnownFileType = sourcecode.swift; path = TrainingSessionListView.swift; sourceTree = "<group>"; };
		78C20A0F2C89C64000AF77ED /* SessionDetailView.swift */ = {isa = PBXFileReference; lastKnownFileType = sourcecode.swift; path = SessionDetailView.swift; sourceTree = "<group>"; };
		78C20A112C89C6EE00AF77ED /* customDateFormatter.swift */ = {isa = PBXFileReference; lastKnownFileType = sourcecode.swift; path = customDateFormatter.swift; sourceTree = "<group>"; };
		78E3FA2C28E33BCD002CC7AE /* Training Manager.app */ = {isa = PBXFileReference; explicitFileType = wrapper.application; includeInIndex = 0; path = "Training Manager.app"; sourceTree = BUILT_PRODUCTS_DIR; };
		78E3FA2F28E33BCD002CC7AE /* Training_ManagerApp.swift */ = {isa = PBXFileReference; lastKnownFileType = sourcecode.swift; path = Training_ManagerApp.swift; sourceTree = "<group>"; xcLanguageSpecificationIdentifier = xcode.lang.swift; };
		78E3FA3128E33BCD002CC7AE /* ContentView.swift */ = {isa = PBXFileReference; lastKnownFileType = sourcecode.swift; path = ContentView.swift; sourceTree = "<group>"; };
		78E3FA3328E33BCE002CC7AE /* Assets.xcassets */ = {isa = PBXFileReference; lastKnownFileType = folder.assetcatalog; path = Assets.xcassets; sourceTree = "<group>"; };
		78E3FA3628E33BCE002CC7AE /* Preview Assets.xcassets */ = {isa = PBXFileReference; lastKnownFileType = folder.assetcatalog; path = "Preview Assets.xcassets"; sourceTree = "<group>"; };
		78E3FA3C28E33BCE002CC7AE /* Training ManagerTests.xctest */ = {isa = PBXFileReference; explicitFileType = wrapper.cfbundle; includeInIndex = 0; path = "Training ManagerTests.xctest"; sourceTree = BUILT_PRODUCTS_DIR; };
		78E3FA4028E33BCE002CC7AE /* Training_ManagerTests.swift */ = {isa = PBXFileReference; lastKnownFileType = sourcecode.swift; path = Training_ManagerTests.swift; sourceTree = "<group>"; };
		78E3FA4628E33BCE002CC7AE /* Training ManagerUITests.xctest */ = {isa = PBXFileReference; explicitFileType = wrapper.cfbundle; includeInIndex = 0; path = "Training ManagerUITests.xctest"; sourceTree = BUILT_PRODUCTS_DIR; };
		78E3FA4A28E33BCE002CC7AE /* Training_ManagerUITests.swift */ = {isa = PBXFileReference; lastKnownFileType = sourcecode.swift; path = Training_ManagerUITests.swift; sourceTree = "<group>"; };
		78E3FA4C28E33BCE002CC7AE /* Training_ManagerUITestsLaunchTests.swift */ = {isa = PBXFileReference; lastKnownFileType = sourcecode.swift; path = Training_ManagerUITestsLaunchTests.swift; sourceTree = "<group>"; };
		78E6F5C128E71BBA00BAEA24 /* TodaySessionView.swift */ = {isa = PBXFileReference; lastKnownFileType = sourcecode.swift; path = TodaySessionView.swift; sourceTree = "<group>"; };
		78E6F5C328E71C1D00BAEA24 /* TrainingMenuHistory.swift */ = {isa = PBXFileReference; lastKnownFileType = sourcecode.swift; path = TrainingMenuHistory.swift; sourceTree = "<group>"; };
		78E8D35B2C8343AD00C23C5A /* TrainingMenu.swift */ = {isa = PBXFileReference; lastKnownFileType = sourcecode.swift; path = TrainingMenu.swift; sourceTree = "<group>"; };
		78E8D35C2C8343AD00C23C5A /* TrainingSession.swift */ = {isa = PBXFileReference; lastKnownFileType = sourcecode.swift; path = TrainingSession.swift; sourceTree = "<group>"; };
		78E8D37D2C845D5500C23C5A /* CreateTrainingMenuView.swift */ = {isa = PBXFileReference; lastKnownFileType = sourcecode.swift; path = CreateTrainingMenuView.swift; sourceTree = "<group>"; };
		78E8D3802C8466B700C23C5A /* CreateTrainingSessionView.swift */ = {isa = PBXFileReference; lastKnownFileType = sourcecode.swift; path = CreateTrainingSessionView.swift; sourceTree = "<group>"; };
		78E8D3822C85CBE100C23C5A /* TimerView.swift */ = {isa = PBXFileReference; lastKnownFileType = sourcecode.swift; path = TimerView.swift; sourceTree = "<group>"; };
		78E8D3842C85CC3200C23C5A /* TimerViewModel.swift */ = {isa = PBXFileReference; lastKnownFileType = sourcecode.swift; path = TimerViewModel.swift; sourceTree = "<group>"; };
/* End PBXFileReference section */

/* Begin PBXFrameworksBuildPhase section */
		78E3FA2928E33BCD002CC7AE /* Frameworks */ = {
			isa = PBXFrameworksBuildPhase;
			buildActionMask = 2147483647;
			files = (
			);
			runOnlyForDeploymentPostprocessing = 0;
		};
		78E3FA3928E33BCE002CC7AE /* Frameworks */ = {
			isa = PBXFrameworksBuildPhase;
			buildActionMask = 2147483647;
			files = (
			);
			runOnlyForDeploymentPostprocessing = 0;
		};
		78E3FA4328E33BCE002CC7AE /* Frameworks */ = {
			isa = PBXFrameworksBuildPhase;
			buildActionMask = 2147483647;
			files = (
			);
			runOnlyForDeploymentPostprocessing = 0;
		};
/* End PBXFrameworksBuildPhase section */

/* Begin PBXGroup section */
		78A877E32CA0260700BAACA6 /* Components */ = {
			isa = PBXGroup;
			children = (
			);
			path = Components;
			sourceTree = "<group>";
		};
		78A877E72CA0288C00BAACA6 /* docs */ = {
			isa = PBXGroup;
			children = (
				78A877E82CA0289400BAACA6 /* EnhancePlan.md */,
			);
			path = docs;
			sourceTree = "<group>";
		};
		78E3FA2328E33BCD002CC7AE = {
			isa = PBXGroup;
			children = (
				78A877E72CA0288C00BAACA6 /* docs */,
				78E3FA2E28E33BCD002CC7AE /* Training Manager */,
				78E3FA3F28E33BCE002CC7AE /* Training ManagerTests */,
				78E3FA4928E33BCE002CC7AE /* Training ManagerUITests */,
				78E3FA2D28E33BCD002CC7AE /* Products */,
			);
			sourceTree = "<group>";
		};
		78E3FA2D28E33BCD002CC7AE /* Products */ = {
			isa = PBXGroup;
			children = (
				78E3FA2C28E33BCD002CC7AE /* Training Manager.app */,
				78E3FA3C28E33BCE002CC7AE /* Training ManagerTests.xctest */,
				78E3FA4628E33BCE002CC7AE /* Training ManagerUITests.xctest */,
			);
			name = Products;
			sourceTree = "<group>";
		};
		78E3FA2E28E33BCD002CC7AE /* Training Manager */ = {
			isa = PBXGroup;
			children = (
				78E3FA2F28E33BCD002CC7AE /* Training_ManagerApp.swift */,
				78C20A112C89C6EE00AF77ED /* customDateFormatter.swift */,
				78FE2A192C9BA1DC009BFDD3 /* Model */,
				78FE2A172C9BA13A009BFDD3 /* ViewModel */,
				78E8D37B2C83F0F000C23C5A /* View */,
				78E3FA3328E33BCE002CC7AE /* Assets.xcassets */,
				781C08202C8D985B007FF5E3 /* alarm_sound.mp3 */,
				78E3FA3528E33BCE002CC7AE /* Preview Content */,
			);
			path = "Training Manager";
			sourceTree = "<group>";
		};
		78E3FA3528E33BCE002CC7AE /* Preview Content */ = {
			isa = PBXGroup;
			children = (
				78E3FA3628E33BCE002CC7AE /* Preview Assets.xcassets */,
			);
			path = "Preview Content";
			sourceTree = "<group>";
		};
		78E3FA3F28E33BCE002CC7AE /* Training ManagerTests */ = {
			isa = PBXGroup;
			children = (
				78E3FA4028E33BCE002CC7AE /* Training_ManagerTests.swift */,
			);
			path = "Training ManagerTests";
			sourceTree = "<group>";
		};
		78E3FA4928E33BCE002CC7AE /* Training ManagerUITests */ = {
			isa = PBXGroup;
			children = (
				78E3FA4A28E33BCE002CC7AE /* Training_ManagerUITests.swift */,
				78E3FA4C28E33BCE002CC7AE /* Training_ManagerUITestsLaunchTests.swift */,
			);
			path = "Training ManagerUITests";
			sourceTree = "<group>";
		};
		78E8D37B2C83F0F000C23C5A /* View */ = {
			isa = PBXGroup;
			children = (
				78A877E32CA0260700BAACA6 /* Components */,
				78E3FA3128E33BCD002CC7AE /* ContentView.swift */,
				78FE2A182C9BA1C3009BFDD3 /* TrainingMenuHistory */,
				78FE2A162C9BA091009BFDD3 /* SessionList */,
				78FE2A152C9BA02E009BFDD3 /* TodaySession */,
				781C081E2C8BB20F007FF5E3 /* AppDelegate.swift */,
			);
			path = View;
			sourceTree = "<group>";
		};
		78FE2A152C9BA02E009BFDD3 /* TodaySession */ = {
			isa = PBXGroup;
			children = (
				78E8D3822C85CBE100C23C5A /* TimerView.swift */,
				78C20A0B2C87D0A100AF77ED /* CircleProgressBarView.swift */,
				780E76C12C9586EF006129B9 /* EditTrainingMenuView.swift */,
				78E6F5C128E71BBA00BAEA24 /* TodaySessionView.swift */,
				781C08262C8F34E8007FF5E3 /* SelectExistingMenuView.swift */,
				78927F542C9CEB04005964EC /* SelectExistingSessionView.swift */,
				78E8D37D2C845D5500C23C5A /* CreateTrainingMenuView.swift */,
				78E8D3802C8466B700C23C5A /* CreateTrainingSessionView.swift */,
			);
			path = TodaySession;
			sourceTree = "<group>";
		};
		78FE2A162C9BA091009BFDD3 /* SessionList */ = {
			isa = PBXGroup;
			children = (
				78C20A0F2C89C64000AF77ED /* SessionDetailView.swift */,
				78C20A0D2C89C4B100AF77ED /* TrainingSessionListView.swift */,
			);
			path = SessionList;
			sourceTree = "<group>";
		};
		78FE2A172C9BA13A009BFDD3 /* ViewModel */ = {
			isa = PBXGroup;
			children = (
				781C081C2C8B3900007FF5E3 /* TodaySessionViewModel.swift */,
				78E8D3842C85CC3200C23C5A /* TimerViewModel.swift */,
			);
			path = ViewModel;
			sourceTree = "<group>";
		};
		78FE2A182C9BA1C3009BFDD3 /* TrainingMenuHistory */ = {
			isa = PBXGroup;
			children = (
				78E6F5C328E71C1D00BAEA24 /* TrainingMenuHistory.swift */,
			);
			path = TrainingMenuHistory;
			sourceTree = "<group>";
		};
		78FE2A192C9BA1DC009BFDD3 /* Model */ = {
			isa = PBXGroup;
			children = (
				78E8D35C2C8343AD00C23C5A /* TrainingSession.swift */,
				78E8D35B2C8343AD00C23C5A /* TrainingMenu.swift */,
			);
			path = Model;
			sourceTree = "<group>";
		};
/* End PBXGroup section */

/* Begin PBXNativeTarget section */
		78E3FA2B28E33BCD002CC7AE /* Training Manager */ = {
			isa = PBXNativeTarget;
			buildConfigurationList = 78E3FA7C28E33BCF002CC7AE /* Build configuration list for PBXNativeTarget "Training Manager" */;
			buildPhases = (
				78E3FA2828E33BCD002CC7AE /* Sources */,
				78E3FA2928E33BCD002CC7AE /* Frameworks */,
				78E3FA2A28E33BCD002CC7AE /* Resources */,
				78E3FA7B28E33BCF002CC7AE /* Embed Watch Content */,
			);
			buildRules = (
			);
			dependencies = (
			);
			name = "Training Manager";
			productName = "Training Manager";
			productReference = 78E3FA2C28E33BCD002CC7AE /* Training Manager.app */;
			productType = "com.apple.product-type.application";
		};
		78E3FA3B28E33BCE002CC7AE /* Training ManagerTests */ = {
			isa = PBXNativeTarget;
			buildConfigurationList = 78E3FA7F28E33BCF002CC7AE /* Build configuration list for PBXNativeTarget "Training ManagerTests" */;
			buildPhases = (
				78E3FA3828E33BCE002CC7AE /* Sources */,
				78E3FA3928E33BCE002CC7AE /* Frameworks */,
				78E3FA3A28E33BCE002CC7AE /* Resources */,
			);
			buildRules = (
			);
			dependencies = (
				78E3FA3E28E33BCE002CC7AE /* PBXTargetDependency */,
			);
			name = "Training ManagerTests";
			productName = "Training ManagerTests";
			productReference = 78E3FA3C28E33BCE002CC7AE /* Training ManagerTests.xctest */;
			productType = "com.apple.product-type.bundle.unit-test";
		};
		78E3FA4528E33BCE002CC7AE /* Training ManagerUITests */ = {
			isa = PBXNativeTarget;
			buildConfigurationList = 78E3FA8228E33BCF002CC7AE /* Build configuration list for PBXNativeTarget "Training ManagerUITests" */;
			buildPhases = (
				78E3FA4228E33BCE002CC7AE /* Sources */,
				78E3FA4328E33BCE002CC7AE /* Frameworks */,
				78E3FA4428E33BCE002CC7AE /* Resources */,
			);
			buildRules = (
			);
			dependencies = (
				78E3FA4828E33BCE002CC7AE /* PBXTargetDependency */,
			);
			name = "Training ManagerUITests";
			productName = "Training ManagerUITests";
			productReference = 78E3FA4628E33BCE002CC7AE /* Training ManagerUITests.xctest */;
			productType = "com.apple.product-type.bundle.ui-testing";
		};
/* End PBXNativeTarget section */

/* Begin PBXProject section */
		78E3FA2428E33BCD002CC7AE /* Project object */ = {
			isa = PBXProject;
			attributes = {
				BuildIndependentTargetsInParallel = 1;
				LastSwiftUpdateCheck = 1400;
				LastUpgradeCheck = 1600;
				TargetAttributes = {
					78E3FA2B28E33BCD002CC7AE = {
						CreatedOnToolsVersion = 14.0;
					};
					78E3FA3B28E33BCE002CC7AE = {
						CreatedOnToolsVersion = 14.0;
						TestTargetID = 78E3FA2B28E33BCD002CC7AE;
					};
					78E3FA4528E33BCE002CC7AE = {
						CreatedOnToolsVersion = 14.0;
						TestTargetID = 78E3FA2B28E33BCD002CC7AE;
					};
				};
			};
			buildConfigurationList = 78E3FA2728E33BCD002CC7AE /* Build configuration list for PBXProject "Training Manager" */;
			compatibilityVersion = "Xcode 15.3";
			developmentRegion = ja;
			hasScannedForEncodings = 0;
			knownRegions = (
				Base,
				ja,
			);
			mainGroup = 78E3FA2328E33BCD002CC7AE;
			productRefGroup = 78E3FA2D28E33BCD002CC7AE /* Products */;
			projectDirPath = "";
			projectRoot = "";
			targets = (
				78E3FA2B28E33BCD002CC7AE /* Training Manager */,
				78E3FA3B28E33BCE002CC7AE /* Training ManagerTests */,
				78E3FA4528E33BCE002CC7AE /* Training ManagerUITests */,
			);
		};
/* End PBXProject section */

/* Begin PBXResourcesBuildPhase section */
		78E3FA2A28E33BCD002CC7AE /* Resources */ = {
			isa = PBXResourcesBuildPhase;
			buildActionMask = 2147483647;
			files = (
				78E3FA3728E33BCE002CC7AE /* Preview Assets.xcassets in Resources */,
				781C08212C8D985B007FF5E3 /* alarm_sound.mp3 in Resources */,
				78E3FA3428E33BCE002CC7AE /* Assets.xcassets in Resources */,
			);
			runOnlyForDeploymentPostprocessing = 0;
		};
		78E3FA3A28E33BCE002CC7AE /* Resources */ = {
			isa = PBXResourcesBuildPhase;
			buildActionMask = 2147483647;
			files = (
			);
			runOnlyForDeploymentPostprocessing = 0;
		};
		78E3FA4428E33BCE002CC7AE /* Resources */ = {
			isa = PBXResourcesBuildPhase;
			buildActionMask = 2147483647;
			files = (
			);
			runOnlyForDeploymentPostprocessing = 0;
		};
/* End PBXResourcesBuildPhase section */

/* Begin PBXSourcesBuildPhase section */
		78E3FA2828E33BCD002CC7AE /* Sources */ = {
			isa = PBXSourcesBuildPhase;
			buildActionMask = 2147483647;
			files = (
				78E8D3832C85CBE100C23C5A /* TimerView.swift in Sources */,
				78C20A122C89C6EE00AF77ED /* customDateFormatter.swift in Sources */,
				78927F552C9CEB04005964EC /* SelectExistingSessionView.swift in Sources */,
				78E3FA3228E33BCD002CC7AE /* ContentView.swift in Sources */,
				78E8D3812C8466B700C23C5A /* CreateTrainingSessionView.swift in Sources */,
				78E6F5C228E71BBA00BAEA24 /* TodaySessionView.swift in Sources */,
				780E76C22C9586EF006129B9 /* EditTrainingMenuView.swift in Sources */,
				78C20A102C89C64000AF77ED /* SessionDetailView.swift in Sources */,
				78E8D35D2C8343AD00C23C5A /* TrainingMenu.swift in Sources */,
				781C081D2C8B3900007FF5E3 /* TodaySessionViewModel.swift in Sources */,
				78C20A0C2C87D0A100AF77ED /* CircleProgressBarView.swift in Sources */,
				78E8D35E2C8343AD00C23C5A /* TrainingSession.swift in Sources */,
				78E3FA3028E33BCD002CC7AE /* Training_ManagerApp.swift in Sources */,
				78E6F5C428E71C1D00BAEA24 /* TrainingMenuHistory.swift in Sources */,
				78C20A0E2C89C4B100AF77ED /* TrainingSessionListView.swift in Sources */,
				78E8D3852C85CC3200C23C5A /* TimerViewModel.swift in Sources */,
				781C081F2C8BB20F007FF5E3 /* AppDelegate.swift in Sources */,
				78E8D37E2C845D5500C23C5A /* CreateTrainingMenuView.swift in Sources */,
				781C08272C8F34E8007FF5E3 /* SelectExistingMenuView.swift in Sources */,
			);
			runOnlyForDeploymentPostprocessing = 0;
		};
		78E3FA3828E33BCE002CC7AE /* Sources */ = {
			isa = PBXSourcesBuildPhase;
			buildActionMask = 2147483647;
			files = (
				78E3FA4128E33BCE002CC7AE /* Training_ManagerTests.swift in Sources */,
			);
			runOnlyForDeploymentPostprocessing = 0;
		};
		78E3FA4228E33BCE002CC7AE /* Sources */ = {
			isa = PBXSourcesBuildPhase;
			buildActionMask = 2147483647;
			files = (
				78E3FA4D28E33BCE002CC7AE /* Training_ManagerUITestsLaunchTests.swift in Sources */,
				78E3FA4B28E33BCE002CC7AE /* Training_ManagerUITests.swift in Sources */,
			);
			runOnlyForDeploymentPostprocessing = 0;
		};
/* End PBXSourcesBuildPhase section */

/* Begin PBXTargetDependency section */
		78E3FA3E28E33BCE002CC7AE /* PBXTargetDependency */ = {
			isa = PBXTargetDependency;
			target = 78E3FA2B28E33BCD002CC7AE /* Training Manager */;
			targetProxy = 78E3FA3D28E33BCE002CC7AE /* PBXContainerItemProxy */;
		};
		78E3FA4828E33BCE002CC7AE /* PBXTargetDependency */ = {
			isa = PBXTargetDependency;
			target = 78E3FA2B28E33BCD002CC7AE /* Training Manager */;
			targetProxy = 78E3FA4728E33BCE002CC7AE /* PBXContainerItemProxy */;
		};
/* End PBXTargetDependency section */

/* Begin XCBuildConfiguration section */
		78E3FA7628E33BCF002CC7AE /* Debug */ = {
			isa = XCBuildConfiguration;
			buildSettings = {
				ALWAYS_SEARCH_USER_PATHS = NO;
				ASSETCATALOG_COMPILER_GENERATE_SWIFT_ASSET_SYMBOL_EXTENSIONS = YES;
				CLANG_ANALYZER_NONNULL = YES;
				CLANG_ANALYZER_NUMBER_OBJECT_CONVERSION = YES_AGGRESSIVE;
				CLANG_CXX_LANGUAGE_STANDARD = "gnu++20";
				CLANG_ENABLE_MODULES = YES;
				CLANG_ENABLE_OBJC_ARC = YES;
				CLANG_ENABLE_OBJC_WEAK = YES;
				CLANG_WARN_BLOCK_CAPTURE_AUTORELEASING = YES;
				CLANG_WARN_BOOL_CONVERSION = YES;
				CLANG_WARN_COMMA = YES;
				CLANG_WARN_CONSTANT_CONVERSION = YES;
				CLANG_WARN_DEPRECATED_OBJC_IMPLEMENTATIONS = YES;
				CLANG_WARN_DIRECT_OBJC_ISA_USAGE = YES_ERROR;
				CLANG_WARN_DOCUMENTATION_COMMENTS = YES;
				CLANG_WARN_EMPTY_BODY = YES;
				CLANG_WARN_ENUM_CONVERSION = YES;
				CLANG_WARN_INFINITE_RECURSION = YES;
				CLANG_WARN_INT_CONVERSION = YES;
				CLANG_WARN_NON_LITERAL_NULL_CONVERSION = YES;
				CLANG_WARN_OBJC_IMPLICIT_RETAIN_SELF = YES;
				CLANG_WARN_OBJC_LITERAL_CONVERSION = YES;
				CLANG_WARN_OBJC_ROOT_CLASS = YES_ERROR;
				CLANG_WARN_QUOTED_INCLUDE_IN_FRAMEWORK_HEADER = YES;
				CLANG_WARN_RANGE_LOOP_ANALYSIS = YES;
				CLANG_WARN_STRICT_PROTOTYPES = YES;
				CLANG_WARN_SUSPICIOUS_MOVE = YES;
				CLANG_WARN_UNGUARDED_AVAILABILITY = YES_AGGRESSIVE;
				CLANG_WARN_UNREACHABLE_CODE = YES;
				CLANG_WARN__DUPLICATE_METHOD_MATCH = YES;
				COPY_PHASE_STRIP = NO;
				DEAD_CODE_STRIPPING = YES;
				DEBUG_INFORMATION_FORMAT = "dwarf-with-dsym";
				ENABLE_PREVIEWS = YES;
				ENABLE_STRICT_OBJC_MSGSEND = YES;
				ENABLE_TESTABILITY = YES;
				ENABLE_USER_SCRIPT_SANDBOXING = YES;
				GCC_C_LANGUAGE_STANDARD = gnu11;
				GCC_DYNAMIC_NO_PIC = NO;
				GCC_NO_COMMON_BLOCKS = YES;
				GCC_OPTIMIZATION_LEVEL = 0;
				GCC_PREPROCESSOR_DEFINITIONS = (
					"DEBUG=1",
					"$(inherited)",
				);
				GCC_WARN_64_TO_32_BIT_CONVERSION = YES;
				GCC_WARN_ABOUT_RETURN_TYPE = YES_ERROR;
				GCC_WARN_UNDECLARED_SELECTOR = YES;
				GCC_WARN_UNINITIALIZED_AUTOS = YES_AGGRESSIVE;
				GCC_WARN_UNUSED_FUNCTION = YES;
				GCC_WARN_UNUSED_VARIABLE = YES;
				IPHONEOS_DEPLOYMENT_TARGET = 17.5;
				MTL_ENABLE_DEBUG_INFO = INCLUDE_SOURCE;
				MTL_FAST_MATH = YES;
				ONLY_ACTIVE_ARCH = YES;
				SWIFT_ACTIVE_COMPILATION_CONDITIONS = DEBUG;
				SWIFT_OPTIMIZATION_LEVEL = "-Onone";
			};
			name = Debug;
		};
		78E3FA7728E33BCF002CC7AE /* Release */ = {
			isa = XCBuildConfiguration;
			buildSettings = {
				ALWAYS_SEARCH_USER_PATHS = NO;
				ASSETCATALOG_COMPILER_GENERATE_SWIFT_ASSET_SYMBOL_EXTENSIONS = YES;
				CLANG_ANALYZER_NONNULL = YES;
				CLANG_ANALYZER_NUMBER_OBJECT_CONVERSION = YES_AGGRESSIVE;
				CLANG_CXX_LANGUAGE_STANDARD = "gnu++20";
				CLANG_ENABLE_MODULES = YES;
				CLANG_ENABLE_OBJC_ARC = YES;
				CLANG_ENABLE_OBJC_WEAK = YES;
				CLANG_WARN_BLOCK_CAPTURE_AUTORELEASING = YES;
				CLANG_WARN_BOOL_CONVERSION = YES;
				CLANG_WARN_COMMA = YES;
				CLANG_WARN_CONSTANT_CONVERSION = YES;
				CLANG_WARN_DEPRECATED_OBJC_IMPLEMENTATIONS = YES;
				CLANG_WARN_DIRECT_OBJC_ISA_USAGE = YES_ERROR;
				CLANG_WARN_DOCUMENTATION_COMMENTS = YES;
				CLANG_WARN_EMPTY_BODY = YES;
				CLANG_WARN_ENUM_CONVERSION = YES;
				CLANG_WARN_INFINITE_RECURSION = YES;
				CLANG_WARN_INT_CONVERSION = YES;
				CLANG_WARN_NON_LITERAL_NULL_CONVERSION = YES;
				CLANG_WARN_OBJC_IMPLICIT_RETAIN_SELF = YES;
				CLANG_WARN_OBJC_LITERAL_CONVERSION = YES;
				CLANG_WARN_OBJC_ROOT_CLASS = YES_ERROR;
				CLANG_WARN_QUOTED_INCLUDE_IN_FRAMEWORK_HEADER = YES;
				CLANG_WARN_RANGE_LOOP_ANALYSIS = YES;
				CLANG_WARN_STRICT_PROTOTYPES = YES;
				CLANG_WARN_SUSPICIOUS_MOVE = YES;
				CLANG_WARN_UNGUARDED_AVAILABILITY = YES_AGGRESSIVE;
				CLANG_WARN_UNREACHABLE_CODE = YES;
				CLANG_WARN__DUPLICATE_METHOD_MATCH = YES;
				COPY_PHASE_STRIP = NO;
				DEAD_CODE_STRIPPING = YES;
				DEBUG_INFORMATION_FORMAT = "dwarf-with-dsym";
				ENABLE_NS_ASSERTIONS = NO;
				ENABLE_PREVIEWS = YES;
				ENABLE_STRICT_OBJC_MSGSEND = YES;
				ENABLE_USER_SCRIPT_SANDBOXING = YES;
				GCC_C_LANGUAGE_STANDARD = gnu11;
				GCC_NO_COMMON_BLOCKS = YES;
				GCC_WARN_64_TO_32_BIT_CONVERSION = YES;
				GCC_WARN_ABOUT_RETURN_TYPE = YES_ERROR;
				GCC_WARN_UNDECLARED_SELECTOR = YES;
				GCC_WARN_UNINITIALIZED_AUTOS = YES_AGGRESSIVE;
				GCC_WARN_UNUSED_FUNCTION = YES;
				GCC_WARN_UNUSED_VARIABLE = YES;
				IPHONEOS_DEPLOYMENT_TARGET = 17.5;
				MTL_ENABLE_DEBUG_INFO = NO;
				MTL_FAST_MATH = YES;
				SWIFT_COMPILATION_MODE = wholemodule;
				SWIFT_OPTIMIZATION_LEVEL = "-O";
			};
			name = Release;
		};
		78E3FA7D28E33BCF002CC7AE /* Debug */ = {
			isa = XCBuildConfiguration;
			buildSettings = {
				ASSETCATALOG_COMPILER_APPICON_NAME = AppIcon;
				ASSETCATALOG_COMPILER_GLOBAL_ACCENT_COLOR_NAME = AccentColor;
				ASSETCATALOG_COMPILER_INCLUDE_ALL_APPICON_ASSETS = NO;
				CODE_SIGN_IDENTITY = "Apple Development";
				CODE_SIGN_STYLE = Automatic;
				CURRENT_PROJECT_VERSION = 1;
				DEVELOPMENT_ASSET_PATHS = "\"Training Manager/Preview Content\"";
				DEVELOPMENT_TEAM = WALU6ZJGAF;
				ENABLE_PREVIEWS = YES;
				GENERATE_INFOPLIST_FILE = YES;
				INFOPLIST_KEY_CFBundleDisplayName = "Training Manager";
				INFOPLIST_KEY_LSApplicationCategoryType = "public.app-category.sports";
				INFOPLIST_KEY_UIApplicationSceneManifest_Generation = YES;
				INFOPLIST_KEY_UIApplicationSupportsIndirectInputEvents = YES;
				INFOPLIST_KEY_UILaunchScreen_Generation = YES;
				INFOPLIST_KEY_UISupportedInterfaceOrientations_iPad = "UIInterfaceOrientationPortrait UIInterfaceOrientationPortraitUpsideDown UIInterfaceOrientationLandscapeLeft UIInterfaceOrientationLandscapeRight";
				INFOPLIST_KEY_UISupportedInterfaceOrientations_iPhone = "UIInterfaceOrientationPortrait UIInterfaceOrientationLandscapeLeft UIInterfaceOrientationLandscapeRight";
				IPHONEOS_DEPLOYMENT_TARGET = 17.5;
				LD_RUNPATH_SEARCH_PATHS = (
					"$(inherited)",
					"@executable_path/Frameworks",
				);
				MARKETING_VERSION = 1.2;
				PRODUCT_BUNDLE_IDENTIFIER = "Kou-Isaka.Training-Manager";
				PRODUCT_NAME = "$(TARGET_NAME)";
				PROVISIONING_PROFILE_SPECIFIER = "";
				SDKROOT = iphoneos;
				SWIFT_EMIT_LOC_STRINGS = YES;
				SWIFT_VERSION = 5.0;
				TARGETED_DEVICE_FAMILY = "1,2";
			};
			name = Debug;
		};
		78E3FA7E28E33BCF002CC7AE /* Release */ = {
			isa = XCBuildConfiguration;
			buildSettings = {
				ASSETCATALOG_COMPILER_APPICON_NAME = AppIcon;
				ASSETCATALOG_COMPILER_GLOBAL_ACCENT_COLOR_NAME = AccentColor;
				ASSETCATALOG_COMPILER_INCLUDE_ALL_APPICON_ASSETS = NO;
				CODE_SIGN_IDENTITY = "Apple Development";
				CODE_SIGN_STYLE = Automatic;
				CURRENT_PROJECT_VERSION = 1;
				DEVELOPMENT_ASSET_PATHS = "\"Training Manager/Preview Content\"";
				DEVELOPMENT_TEAM = WALU6ZJGAF;
				ENABLE_PREVIEWS = YES;
				GENERATE_INFOPLIST_FILE = YES;
				INFOPLIST_KEY_CFBundleDisplayName = "Training Manager";
				INFOPLIST_KEY_LSApplicationCategoryType = "public.app-category.sports";
				INFOPLIST_KEY_UIApplicationSceneManifest_Generation = YES;
				INFOPLIST_KEY_UIApplicationSupportsIndirectInputEvents = YES;
				INFOPLIST_KEY_UILaunchScreen_Generation = YES;
				INFOPLIST_KEY_UISupportedInterfaceOrientations_iPad = "UIInterfaceOrientationPortrait UIInterfaceOrientationPortraitUpsideDown UIInterfaceOrientationLandscapeLeft UIInterfaceOrientationLandscapeRight";
				INFOPLIST_KEY_UISupportedInterfaceOrientations_iPhone = "UIInterfaceOrientationPortrait UIInterfaceOrientationLandscapeLeft UIInterfaceOrientationLandscapeRight";
				IPHONEOS_DEPLOYMENT_TARGET = 17.5;
				LD_RUNPATH_SEARCH_PATHS = (
					"$(inherited)",
					"@executable_path/Frameworks",
				);
				MARKETING_VERSION = 1.2;
				PRODUCT_BUNDLE_IDENTIFIER = "Kou-Isaka.Training-Manager";
				PRODUCT_NAME = "$(TARGET_NAME)";
				PROVISIONING_PROFILE_SPECIFIER = "";
				SDKROOT = iphoneos;
				SWIFT_EMIT_LOC_STRINGS = YES;
				SWIFT_VERSION = 5.0;
				TARGETED_DEVICE_FAMILY = "1,2";
				VALIDATE_PRODUCT = YES;
			};
			name = Release;
		};
		78E3FA8028E33BCF002CC7AE /* Debug */ = {
			isa = XCBuildConfiguration;
			buildSettings = {
				BUNDLE_LOADER = "$(TEST_HOST)";
				CODE_SIGN_STYLE = Automatic;
				CURRENT_PROJECT_VERSION = 1;
				GENERATE_INFOPLIST_FILE = YES;
				IPHONEOS_DEPLOYMENT_TARGET = 17.5;
				MARKETING_VERSION = 1.0;
				PRODUCT_BUNDLE_IDENTIFIER = "Kou-Isaka.Training-ManagerTests";
				PRODUCT_NAME = "$(TARGET_NAME)";
				SDKROOT = iphoneos;
				SWIFT_EMIT_LOC_STRINGS = NO;
				SWIFT_VERSION = 5.0;
				TARGETED_DEVICE_FAMILY = "1,2";
				TEST_HOST = "$(BUILT_PRODUCTS_DIR)/Training Manager.app/$(BUNDLE_EXECUTABLE_FOLDER_PATH)/Training Manager";
			};
			name = Debug;
		};
		78E3FA8128E33BCF002CC7AE /* Release */ = {
			isa = XCBuildConfiguration;
			buildSettings = {
				BUNDLE_LOADER = "$(TEST_HOST)";
				CODE_SIGN_STYLE = Automatic;
				CURRENT_PROJECT_VERSION = 1;
				GENERATE_INFOPLIST_FILE = YES;
				IPHONEOS_DEPLOYMENT_TARGET = 17.5;
				MARKETING_VERSION = 1.0;
				PRODUCT_BUNDLE_IDENTIFIER = "Kou-Isaka.Training-ManagerTests";
				PRODUCT_NAME = "$(TARGET_NAME)";
				SDKROOT = iphoneos;
				SWIFT_EMIT_LOC_STRINGS = NO;
				SWIFT_VERSION = 5.0;
				TARGETED_DEVICE_FAMILY = "1,2";
				TEST_HOST = "$(BUILT_PRODUCTS_DIR)/Training Manager.app/$(BUNDLE_EXECUTABLE_FOLDER_PATH)/Training Manager";
				VALIDATE_PRODUCT = YES;
			};
			name = Release;
		};
		78E3FA8328E33BCF002CC7AE /* Debug */ = {
			isa = XCBuildConfiguration;
			buildSettings = {
				CODE_SIGN_STYLE = Automatic;
				CURRENT_PROJECT_VERSION = 1;
				GENERATE_INFOPLIST_FILE = YES;
				IPHONEOS_DEPLOYMENT_TARGET = 17.5;
				MARKETING_VERSION = 1.0;
				PRODUCT_BUNDLE_IDENTIFIER = "Kou-Isaka.Training-ManagerUITests";
				PRODUCT_NAME = "$(TARGET_NAME)";
				SDKROOT = iphoneos;
				SWIFT_EMIT_LOC_STRINGS = NO;
				SWIFT_VERSION = 5.0;
				TARGETED_DEVICE_FAMILY = "1,2";
				TEST_TARGET_NAME = "Training Manager";
			};
			name = Debug;
		};
		78E3FA8428E33BCF002CC7AE /* Release */ = {
			isa = XCBuildConfiguration;
			buildSettings = {
				CODE_SIGN_STYLE = Automatic;
				CURRENT_PROJECT_VERSION = 1;
				GENERATE_INFOPLIST_FILE = YES;
				IPHONEOS_DEPLOYMENT_TARGET = 17.5;
				MARKETING_VERSION = 1.0;
				PRODUCT_BUNDLE_IDENTIFIER = "Kou-Isaka.Training-ManagerUITests";
				PRODUCT_NAME = "$(TARGET_NAME)";
				SDKROOT = iphoneos;
				SWIFT_EMIT_LOC_STRINGS = NO;
				SWIFT_VERSION = 5.0;
				TARGETED_DEVICE_FAMILY = "1,2";
				TEST_TARGET_NAME = "Training Manager";
				VALIDATE_PRODUCT = YES;
			};
			name = Release;
		};
/* End XCBuildConfiguration section */

/* Begin XCConfigurationList section */
		78E3FA2728E33BCD002CC7AE /* Build configuration list for PBXProject "Training Manager" */ = {
			isa = XCConfigurationList;
			buildConfigurations = (
				78E3FA7628E33BCF002CC7AE /* Debug */,
				78E3FA7728E33BCF002CC7AE /* Release */,
			);
			defaultConfigurationIsVisible = 0;
			defaultConfigurationName = Debug;
		};
		78E3FA7C28E33BCF002CC7AE /* Build configuration list for PBXNativeTarget "Training Manager" */ = {
			isa = XCConfigurationList;
			buildConfigurations = (
				78E3FA7D28E33BCF002CC7AE /* Debug */,
				78E3FA7E28E33BCF002CC7AE /* Release */,
			);
			defaultConfigurationIsVisible = 0;
			defaultConfigurationName = Debug;
		};
		78E3FA7F28E33BCF002CC7AE /* Build configuration list for PBXNativeTarget "Training ManagerTests" */ = {
			isa = XCConfigurationList;
			buildConfigurations = (
				78E3FA8028E33BCF002CC7AE /* Debug */,
				78E3FA8128E33BCF002CC7AE /* Release */,
			);
			defaultConfigurationIsVisible = 0;
			defaultConfigurationName = Debug;
		};
		78E3FA8228E33BCF002CC7AE /* Build configuration list for PBXNativeTarget "Training ManagerUITests" */ = {
			isa = XCConfigurationList;
			buildConfigurations = (
				78E3FA8328E33BCF002CC7AE /* Debug */,
				78E3FA8428E33BCF002CC7AE /* Release */,
			);
			defaultConfigurationIsVisible = 0;
			defaultConfigurationName = Debug;
		};
/* End XCConfigurationList section */
	};
	rootObject = 78E3FA2428E33BCD002CC7AE /* Project object */;
}
